
Microsoft Visual Studio Solution File, Format Version 12.00
# Visual Studio 14
VisualStudioVersion = 14.0.23107.0
MinimumVisualStudioVersion = 10.0.40219.1
Project("{FAE04EC0-301F-11D3-BF4B-00C04F79EFBC}") = "MvcIoC", "MvcIoC\MvcIoC.csproj", "{4EB97802-1A5A-40F7-A86C-733C73646D00}"
EndProject
Project("{FAE04EC0-301F-11D3-BF4B-00C04F79EFBC}") = "MvcIoC.Tests", "MvcIoC.Tests\MvcIoC.Tests.csproj", "{3D8E5270-F75F-4171-95CC-77930D85D64D}"
EndProject
Global
	GlobalSection(SolutionConfigurationPlatforms) = preSolution
		Debug|Any CPU = Debug|Any CPU
		Release|Any CPU = Release|Any CPU
	EndGlobalSection
	GlobalSection(ProjectConfigurationPlatforms) = postSolution
		{4EB97802-1A5A-40F7-A86C-733C73646D00}.Debug|Any CPU.ActiveCfg = Debug|Any CPU
		{4EB97802-1A5A-40F7-A86C-733C73646D00}.Debug|Any CPU.Build.0 = Debug|Any CPU
		{4EB97802-1A5A-40F7-A86C-733C73646D00}.Release|Any CPU.ActiveCfg = Release|Any CPU
		{4EB97802-1A5A-40F7-A86C-733C73646D00}.Release|Any CPU.Build.0 = Release|Any CPU
		{3D8E5270-F75F-4171-95CC-77930D85D64D}.Debug|Any CPU.ActiveCfg = Debug|Any CPU
		{3D8E5270-F75F-4171-95CC-77930D85D64D}.Debug|Any CPU.Build.0 = Debug|Any CPU
		{3D8E5270-F75F-4171-95CC-77930D85D64D}.Release|Any CPU.ActiveCfg = Release|Any CPU
		{3D8E5270-F75F-4171-95CC-77930D85D64D}.Release|Any CPU.Build.0 = Release|Any CPU
	EndGlobalSection
	GlobalSection(SolutionProperties) = preSolution
		HideSolutionNode = FALSE
	EndGlobalSection
EndGlobal
